// !$*UTF8*$!
{
	archiveVersion = 1;
	classes = {
	};
	objectVersion = 48;
	objects = {

/* Begin PBXBuildFile section */
		04937289D0A6211CC6705D65 /* Pods_DYZhiBoDemoUITests.framework in Frameworks */ = {isa = PBXBuildFile; fileRef = A0D2C288E51DB02C22F07718 /* Pods_DYZhiBoDemoUITests.framework */; };
		08DCC1C04D6BF51F1FB5C23F /* Pods_DYZhiBoDemoTests.framework in Frameworks */ = {isa = PBXBuildFile; fileRef = B110514DCD04BB4FF9E142A1 /* Pods_DYZhiBoDemoTests.framework */; };
		3607CE3B2074BF8C00157CF2 /* RecommentController.swift in Sources */ = {isa = PBXBuildFile; fileRef = 3607CE3A2074BF8C00157CF2 /* RecommentController.swift */; };
		3607CE3E2074CC1100157CF2 /* CollectionHeaderView.swift in Sources */ = {isa = PBXBuildFile; fileRef = 3607CE3C2074CC1100157CF2 /* CollectionHeaderView.swift */; };
		3607CE3F2074CC1100157CF2 /* CollectionHeaderView.xib in Resources */ = {isa = PBXBuildFile; fileRef = 3607CE3D2074CC1100157CF2 /* CollectionHeaderView.xib */; };
		3607CE422074CF5500157CF2 /* CollectionNormalCell.swift in Sources */ = {isa = PBXBuildFile; fileRef = 3607CE402074CF5500157CF2 /* CollectionNormalCell.swift */; };
		36339C4D207B47FE0090C717 /* CollectionNormalCell.xib in Resources */ = {isa = PBXBuildFile; fileRef = 36339C4B207B47FE0090C717 /* CollectionNormalCell.xib */; };
		36339C4E207B47FE0090C717 /* PageTitleView.swift in Sources */ = {isa = PBXBuildFile; fileRef = 36339C4C207B47FE0090C717 /* PageTitleView.swift */; };
		36339C53207B489B0090C717 /* CollectionPrettyCell.swift in Sources */ = {isa = PBXBuildFile; fileRef = 36339C51207B489B0090C717 /* CollectionPrettyCell.swift */; };
		36339C54207B489B0090C717 /* CollectionPrettyCell.xib in Resources */ = {isa = PBXBuildFile; fileRef = 36339C52207B489B0090C717 /* CollectionPrettyCell.xib */; };
		36339C56207B5B310090C717 /* NetworkTools.swift in Sources */ = {isa = PBXBuildFile; fileRef = 36339C55207B5B310090C717 /* NetworkTools.swift */; };
		36339C5A207B630D0090C717 /* ReCommentViewModel.swift in Sources */ = {isa = PBXBuildFile; fileRef = 36339C59207B630D0090C717 /* ReCommentViewModel.swift */; };
		367D819120623AB00039DD90 /* Home.storyboard in Resources */ = {isa = PBXBuildFile; fileRef = 367D818F20623AB00039DD90 /* Home.storyboard */; };
		367D819320623AC80039DD90 /* Live.storyboard in Resources */ = {isa = PBXBuildFile; fileRef = 367D819220623AC80039DD90 /* Live.storyboard */; };
		367D819620623ADC0039DD90 /* Follow.storyboard in Resources */ = {isa = PBXBuildFile; fileRef = 367D819420623ADC0039DD90 /* Follow.storyboard */; };
		367D819820623AEC0039DD90 /* Mine.storyboard in Resources */ = {isa = PBXBuildFile; fileRef = 367D819720623AEC0039DD90 /* Mine.storyboard */; };
		367D819A20623B4B0039DD90 /* MainTabBarVC.swift in Sources */ = {isa = PBXBuildFile; fileRef = 367D819920623B4B0039DD90 /* MainTabBarVC.swift */; };
		367D81BA20623C910039DD90 /* HomeViewController.swift in Sources */ = {isa = PBXBuildFile; fileRef = 367D81B920623C910039DD90 /* HomeViewController.swift */; };
		367D81BF206241C10039DD90 /* UIBarButtonItem+Extension.swift in Sources */ = {isa = PBXBuildFile; fileRef = 367D81BE206241C10039DD90 /* UIBarButtonItem+Extension.swift */; };
		367D81C1206248C10039DD90 /* MineVController.swift in Sources */ = {isa = PBXBuildFile; fileRef = 367D81C0206248C10039DD90 /* MineVController.swift */; };
		36B04D3C207215CC00881F3D /* Common.swift in Sources */ = {isa = PBXBuildFile; fileRef = 36B04D3B207215CC00881F3D /* Common.swift */; };
		36B04D3E2072259B00881F3D /* PageContentView.swift in Sources */ = {isa = PBXBuildFile; fileRef = 36B04D3D2072259B00881F3D /* PageContentView.swift */; };
		36B04D402072282C00881F3D /* UIColor+Extension.swift in Sources */ = {isa = PBXBuildFile; fileRef = 36B04D3F2072282C00881F3D /* UIColor+Extension.swift */; };
		36FE10C7204E7DB3003DE408 /* AppDelegate.swift in Sources */ = {isa = PBXBuildFile; fileRef = 36FE10C6204E7DB3003DE408 /* AppDelegate.swift */; };
		36FE10CC204E7DB3003DE408 /* Main.storyboard in Resources */ = {isa = PBXBuildFile; fileRef = 36FE10CA204E7DB3003DE408 /* Main.storyboard */; };
		36FE10CE204E7DB3003DE408 /* Assets.xcassets in Resources */ = {isa = PBXBuildFile; fileRef = 36FE10CD204E7DB3003DE408 /* Assets.xcassets */; };
		36FE10D1204E7DB3003DE408 /* LaunchScreen.storyboard in Resources */ = {isa = PBXBuildFile; fileRef = 36FE10CF204E7DB3003DE408 /* LaunchScreen.storyboard */; };
		36FE10DC204E7DB3003DE408 /* DYZhiBoDemoTests.swift in Sources */ = {isa = PBXBuildFile; fileRef = 36FE10DB204E7DB3003DE408 /* DYZhiBoDemoTests.swift */; };
		36FE10E7204E7DB3003DE408 /* DYZhiBoDemoUITests.swift in Sources */ = {isa = PBXBuildFile; fileRef = 36FE10E6204E7DB3003DE408 /* DYZhiBoDemoUITests.swift */; };
		C307FBD9420B1D3F3284F639 /* Pods_DYZhiBoDemo.framework in Frameworks */ = {isa = PBXBuildFile; fileRef = 02BE55179E92DA63E4080568 /* Pods_DYZhiBoDemo.framework */; };
/* End PBXBuildFile section */

/* Begin PBXContainerItemProxy section */
		36FE10D8204E7DB3003DE408 /* PBXContainerItemProxy */ = {
			isa = PBXContainerItemProxy;
			containerPortal = 36FE10BB204E7DB3003DE408 /* Project object */;
			proxyType = 1;
			remoteGlobalIDString = 36FE10C2204E7DB3003DE408;
			remoteInfo = DYZhiBoDemo;
		};
		36FE10E3204E7DB3003DE408 /* PBXContainerItemProxy */ = {
			isa = PBXContainerItemProxy;
			containerPortal = 36FE10BB204E7DB3003DE408 /* Project object */;
			proxyType = 1;
			remoteGlobalIDString = 36FE10C2204E7DB3003DE408;
			remoteInfo = DYZhiBoDemo;
		};
/* End PBXContainerItemProxy section */

/* Begin PBXFileReference section */
		02BE55179E92DA63E4080568 /* Pods_DYZhiBoDemo.framework */ = {isa = PBXFileReference; explicitFileType = wrapper.framework; includeInIndex = 0; path = Pods_DYZhiBoDemo.framework; sourceTree = BUILT_PRODUCTS_DIR; };
		0E8CA29EB9A1F0133477C9E9 /* Pods-DYZhiBoDemo.release.xcconfig */ = {isa = PBXFileReference; includeInIndex = 1; lastKnownFileType = text.xcconfig; name = "Pods-DYZhiBoDemo.release.xcconfig"; path = "Pods/Target Support Files/Pods-DYZhiBoDemo/Pods-DYZhiBoDemo.release.xcconfig"; sourceTree = "<group>"; };
		3607CE3A2074BF8C00157CF2 /* RecommentController.swift */ = {isa = PBXFileReference; lastKnownFileType = sourcecode.swift; path = RecommentController.swift; sourceTree = "<group>"; };
		3607CE3C2074CC1100157CF2 /* CollectionHeaderView.swift */ = {isa = PBXFileReference; lastKnownFileType = sourcecode.swift; path = CollectionHeaderView.swift; sourceTree = "<group>"; };
		3607CE3D2074CC1100157CF2 /* CollectionHeaderView.xib */ = {isa = PBXFileReference; lastKnownFileType = file.xib; path = CollectionHeaderView.xib; sourceTree = "<group>"; };
		3607CE402074CF5500157CF2 /* CollectionNormalCell.swift */ = {isa = PBXFileReference; lastKnownFileType = sourcecode.swift; path = CollectionNormalCell.swift; sourceTree = "<group>"; };
		36339C4B207B47FE0090C717 /* CollectionNormalCell.xib */ = {isa = PBXFileReference; fileEncoding = 4; lastKnownFileType = file.xib; path = CollectionNormalCell.xib; sourceTree = "<group>"; };
		36339C4C207B47FE0090C717 /* PageTitleView.swift */ = {isa = PBXFileReference; fileEncoding = 4; lastKnownFileType = sourcecode.swift; path = PageTitleView.swift; sourceTree = "<group>"; };
		36339C51207B489B0090C717 /* CollectionPrettyCell.swift */ = {isa = PBXFileReference; lastKnownFileType = sourcecode.swift; path = CollectionPrettyCell.swift; sourceTree = "<group>"; };
		36339C52207B489B0090C717 /* CollectionPrettyCell.xib */ = {isa = PBXFileReference; lastKnownFileType = file.xib; path = CollectionPrettyCell.xib; sourceTree = "<group>"; };
		36339C55207B5B310090C717 /* NetworkTools.swift */ = {isa = PBXFileReference; lastKnownFileType = sourcecode.swift; path = NetworkTools.swift; sourceTree = "<group>"; };
		36339C59207B630D0090C717 /* ReCommentViewModel.swift */ = {isa = PBXFileReference; lastKnownFileType = sourcecode.swift; path = ReCommentViewModel.swift; sourceTree = "<group>"; };
		367D819020623AB00039DD90 /* Base */ = {isa = PBXFileReference; lastKnownFileType = file.storyboard; name = Base; path = DYZhiBoDemo/Classes/Main/Base.lproj/Home.storyboard; sourceTree = "<group>"; };
		367D819220623AC80039DD90 /* Live.storyboard */ = {isa = PBXFileReference; fileEncoding = 4; lastKnownFileType = file.storyboard; path = Live.storyboard; sourceTree = "<group>"; };
		367D819520623ADC0039DD90 /* Base */ = {isa = PBXFileReference; lastKnownFileType = file.storyboard; name = Base; path = DYZhiBoDemo/Classes/Main/Base.lproj/Follow.storyboard; sourceTree = "<group>"; };
		367D819720623AEC0039DD90 /* Mine.storyboard */ = {isa = PBXFileReference; fileEncoding = 4; lastKnownFileType = file.storyboard; path = Mine.storyboard; sourceTree = "<group>"; };
		367D819920623B4B0039DD90 /* MainTabBarVC.swift */ = {isa = PBXFileReference; lastKnownFileType = sourcecode.swift; path = MainTabBarVC.swift; sourceTree = "<group>"; };
		367D81B920623C910039DD90 /* HomeViewController.swift */ = {isa = PBXFileReference; lastKnownFileType = sourcecode.swift; path = HomeViewController.swift; sourceTree = "<group>"; };
		367D81BE206241C10039DD90 /* UIBarButtonItem+Extension.swift */ = {isa = PBXFileReference; lastKnownFileType = sourcecode.swift; path = "UIBarButtonItem+Extension.swift"; sourceTree = "<group>"; };
		367D81C0206248C10039DD90 /* MineVController.swift */ = {isa = PBXFileReference; lastKnownFileType = sourcecode.swift; path = MineVController.swift; sourceTree = "<group>"; };
		36B04D3B207215CC00881F3D /* Common.swift */ = {isa = PBXFileReference; lastKnownFileType = sourcecode.swift; path = Common.swift; sourceTree = "<group>"; };
		36B04D3D2072259B00881F3D /* PageContentView.swift */ = {isa = PBXFileReference; lastKnownFileType = sourcecode.swift; path = PageContentView.swift; sourceTree = "<group>"; };
		36B04D3F2072282C00881F3D /* UIColor+Extension.swift */ = {isa = PBXFileReference; lastKnownFileType = sourcecode.swift; path = "UIColor+Extension.swift"; sourceTree = "<group>"; };
		36FE10C3204E7DB3003DE408 /* DYZhiBoDemo.app */ = {isa = PBXFileReference; explicitFileType = wrapper.application; includeInIndex = 0; path = DYZhiBoDemo.app; sourceTree = BUILT_PRODUCTS_DIR; };
		36FE10C6204E7DB3003DE408 /* AppDelegate.swift */ = {isa = PBXFileReference; lastKnownFileType = sourcecode.swift; path = AppDelegate.swift; sourceTree = "<group>"; };
		36FE10CB204E7DB3003DE408 /* Base */ = {isa = PBXFileReference; lastKnownFileType = file.storyboard; name = Base; path = Base.lproj/Main.storyboard; sourceTree = "<group>"; };
		36FE10CD204E7DB3003DE408 /* Assets.xcassets */ = {isa = PBXFileReference; lastKnownFileType = folder.assetcatalog; path = Assets.xcassets; sourceTree = "<group>"; };
		36FE10D0204E7DB3003DE408 /* Base */ = {isa = PBXFileReference; lastKnownFileType = file.storyboard; name = Base; path = Base.lproj/LaunchScreen.storyboard; sourceTree = "<group>"; };
		36FE10D2204E7DB3003DE408 /* Info.plist */ = {isa = PBXFileReference; lastKnownFileType = text.plist.xml; path = Info.plist; sourceTree = "<group>"; };
		36FE10D7204E7DB3003DE408 /* DYZhiBoDemoTests.xctest */ = {isa = PBXFileReference; explicitFileType = wrapper.cfbundle; includeInIndex = 0; path = DYZhiBoDemoTests.xctest; sourceTree = BUILT_PRODUCTS_DIR; };
		36FE10DB204E7DB3003DE408 /* DYZhiBoDemoTests.swift */ = {isa = PBXFileReference; lastKnownFileType = sourcecode.swift; path = DYZhiBoDemoTests.swift; sourceTree = "<group>"; };
		36FE10DD204E7DB3003DE408 /* Info.plist */ = {isa = PBXFileReference; lastKnownFileType = text.plist.xml; path = Info.plist; sourceTree = "<group>"; };
		36FE10E2204E7DB3003DE408 /* DYZhiBoDemoUITests.xctest */ = {isa = PBXFileReference; explicitFileType = wrapper.cfbundle; includeInIndex = 0; path = DYZhiBoDemoUITests.xctest; sourceTree = BUILT_PRODUCTS_DIR; };
		36FE10E6204E7DB3003DE408 /* DYZhiBoDemoUITests.swift */ = {isa = PBXFileReference; lastKnownFileType = sourcecode.swift; path = DYZhiBoDemoUITests.swift; sourceTree = "<group>"; };
		36FE10E8204E7DB4003DE408 /* Info.plist */ = {isa = PBXFileReference; lastKnownFileType = text.plist.xml; path = Info.plist; sourceTree = "<group>"; };
		4D445F894A3F7F7E55559537 /* Pods-DYZhiBoDemo.debug.xcconfig */ = {isa = PBXFileReference; includeInIndex = 1; lastKnownFileType = text.xcconfig; name = "Pods-DYZhiBoDemo.debug.xcconfig"; path = "Pods/Target Support Files/Pods-DYZhiBoDemo/Pods-DYZhiBoDemo.debug.xcconfig"; sourceTree = "<group>"; };
		6F806438AE41EC576E057590 /* Pods-DYZhiBoDemoUITests.release.xcconfig */ = {isa = PBXFileReference; includeInIndex = 1; lastKnownFileType = text.xcconfig; name = "Pods-DYZhiBoDemoUITests.release.xcconfig"; path = "Pods/Target Support Files/Pods-DYZhiBoDemoUITests/Pods-DYZhiBoDemoUITests.release.xcconfig"; sourceTree = "<group>"; };
		7AA6920EDEC0C96CD0B24746 /* Pods-DYZhiBoDemoTests.release.xcconfig */ = {isa = PBXFileReference; includeInIndex = 1; lastKnownFileType = text.xcconfig; name = "Pods-DYZhiBoDemoTests.release.xcconfig"; path = "Pods/Target Support Files/Pods-DYZhiBoDemoTests/Pods-DYZhiBoDemoTests.release.xcconfig"; sourceTree = "<group>"; };
		82F52453952FE86969B83A88 /* Pods-DYZhiBoDemoTests.debug.xcconfig */ = {isa = PBXFileReference; includeInIndex = 1; lastKnownFileType = text.xcconfig; name = "Pods-DYZhiBoDemoTests.debug.xcconfig"; path = "Pods/Target Support Files/Pods-DYZhiBoDemoTests/Pods-DYZhiBoDemoTests.debug.xcconfig"; sourceTree = "<group>"; };
		8AF9D60CCDD67D4D2F3E62F2 /* Pods-DYZhiBoDemoUITests.debug.xcconfig */ = {isa = PBXFileReference; includeInIndex = 1; lastKnownFileType = text.xcconfig; name = "Pods-DYZhiBoDemoUITests.debug.xcconfig"; path = "Pods/Target Support Files/Pods-DYZhiBoDemoUITests/Pods-DYZhiBoDemoUITests.debug.xcconfig"; sourceTree = "<group>"; };
		A0D2C288E51DB02C22F07718 /* Pods_DYZhiBoDemoUITests.framework */ = {isa = PBXFileReference; explicitFileType = wrapper.framework; includeInIndex = 0; path = Pods_DYZhiBoDemoUITests.framework; sourceTree = BUILT_PRODUCTS_DIR; };
		B110514DCD04BB4FF9E142A1 /* Pods_DYZhiBoDemoTests.framework */ = {isa = PBXFileReference; explicitFileType = wrapper.framework; includeInIndex = 0; path = Pods_DYZhiBoDemoTests.framework; sourceTree = BUILT_PRODUCTS_DIR; };
/* End PBXFileReference section */

/* Begin PBXFrameworksBuildPhase section */
		36FE10C0204E7DB3003DE408 /* Frameworks */ = {
			isa = PBXFrameworksBuildPhase;
			buildActionMask = 2147483647;
			files = (
				C307FBD9420B1D3F3284F639 /* Pods_DYZhiBoDemo.framework in Frameworks */,
			);
			runOnlyForDeploymentPostprocessing = 0;
		};
		36FE10D4204E7DB3003DE408 /* Frameworks */ = {
			isa = PBXFrameworksBuildPhase;
			buildActionMask = 2147483647;
			files = (
				08DCC1C04D6BF51F1FB5C23F /* Pods_DYZhiBoDemoTests.framework in Frameworks */,
			);
			runOnlyForDeploymentPostprocessing = 0;
		};
		36FE10DF204E7DB3003DE408 /* Frameworks */ = {
			isa = PBXFrameworksBuildPhase;
			buildActionMask = 2147483647;
			files = (
				04937289D0A6211CC6705D65 /* Pods_DYZhiBoDemoUITests.framework in Frameworks */,
			);
			runOnlyForDeploymentPostprocessing = 0;
		};
/* End PBXFrameworksBuildPhase section */

/* Begin PBXGroup section */
		095B80133A70421761420E63 /* Frameworks */ = {
			isa = PBXGroup;
			children = (
				02BE55179E92DA63E4080568 /* Pods_DYZhiBoDemo.framework */,
				B110514DCD04BB4FF9E142A1 /* Pods_DYZhiBoDemoTests.framework */,
				A0D2C288E51DB02C22F07718 /* Pods_DYZhiBoDemoUITests.framework */,
			);
			name = Frameworks;
			sourceTree = "<group>";
		};
		299FEF52C5F460CBA0E8AAD0 /* Pods */ = {
			isa = PBXGroup;
			children = (
				4D445F894A3F7F7E55559537 /* Pods-DYZhiBoDemo.debug.xcconfig */,
				0E8CA29EB9A1F0133477C9E9 /* Pods-DYZhiBoDemo.release.xcconfig */,
				82F52453952FE86969B83A88 /* Pods-DYZhiBoDemoTests.debug.xcconfig */,
				7AA6920EDEC0C96CD0B24746 /* Pods-DYZhiBoDemoTests.release.xcconfig */,
				8AF9D60CCDD67D4D2F3E62F2 /* Pods-DYZhiBoDemoUITests.debug.xcconfig */,
				6F806438AE41EC576E057590 /* Pods-DYZhiBoDemoUITests.release.xcconfig */,
			);
			name = Pods;
			sourceTree = "<group>";
		};
		36339C4F207B48290090C717 /* Model */ = {
			isa = PBXGroup;
			children = (
			);
			path = Model;
			sourceTree = "<group>";
		};
		36339C50207B48290090C717 /* Controller */ = {
			isa = PBXGroup;
			children = (
				367D819920623B4B0039DD90 /* MainTabBarVC.swift */,
			);
			path = Controller;
			sourceTree = "<group>";
		};
		36339C57207B62F30090C717 /* ViewModel */ = {
			isa = PBXGroup;
			children = (
				36339C59207B630D0090C717 /* ReCommentViewModel.swift */,
			);
			path = ViewModel;
			sourceTree = "<group>";
		};
		36339C58207B62F30090C717 /* Model */ = {
			isa = PBXGroup;
			children = (
			);
			path = Model;
			sourceTree = "<group>";
		};
		367D818E206236DC0039DD90 /* Extension */ = {
			isa = PBXGroup;
			children = (
				367D81BE206241C10039DD90 /* UIBarButtonItem+Extension.swift */,
				36B04D3F2072282C00881F3D /* UIColor+Extension.swift */,
			);
			path = Extension;
			sourceTree = "<group>";
		};
		367D819B20623BF80039DD90 /* Controller */ = {
			isa = PBXGroup;
			children = (
				367D818F20623AB00039DD90 /* Home.storyboard */,
				367D81B920623C910039DD90 /* HomeViewController.swift */,
				3607CE3A2074BF8C00157CF2 /* RecommentController.swift */,
			);
			path = Controller;
			sourceTree = "<group>";
		};
		367D819C20623BF80039DD90 /* View */ = {
			isa = PBXGroup;
			children = (
				3607CE3C2074CC1100157CF2 /* CollectionHeaderView.swift */,
				3607CE3D2074CC1100157CF2 /* CollectionHeaderView.xib */,
			);
			path = View;
			sourceTree = "<group>";
		};
		367D81A420623C3E0039DD90 /* Model */ = {
			isa = PBXGroup;
			children = (
			);
			path = Model;
			sourceTree = "<group>";
		};
		367D81A520623C3E0039DD90 /* View */ = {
			isa = PBXGroup;
			children = (
			);
			path = View;
			sourceTree = "<group>";
		};
		367D81A720623C510039DD90 /* Model */ = {
			isa = PBXGroup;
			children = (
			);
			path = Model;
			sourceTree = "<group>";
		};
		367D81A820623C510039DD90 /* View */ = {
			isa = PBXGroup;
			children = (
			);
			path = View;
			sourceTree = "<group>";
		};
		367D81B620623C640039DD90 /* Model */ = {
			isa = PBXGroup;
			children = (
			);
			path = Model;
			sourceTree = "<group>";
		};
		367D81B720623C640039DD90 /* View */ = {
			isa = PBXGroup;
			children = (
			);
			path = View;
			sourceTree = "<group>";
		};
		367D81BB20623D7C0039DD90 /* Controller */ = {
			isa = PBXGroup;
			children = (
			);
			path = Controller;
			sourceTree = "<group>";
		};
		367D81BC20623DAD0039DD90 /* Controller */ = {
			isa = PBXGroup;
			children = (
			);
			path = Controller;
			sourceTree = "<group>";
		};
		367D81BD20623DC90039DD90 /* Controller */ = {
			isa = PBXGroup;
			children = (
				367D81C0206248C10039DD90 /* MineVController.swift */,
			);
			path = Controller;
			sourceTree = "<group>";
		};
		36BE3489207B47A500D28E9C /* View */ = {
			isa = PBXGroup;
			children = (
				36339C4C207B47FE0090C717 /* PageTitleView.swift */,
				36B04D3D2072259B00881F3D /* PageContentView.swift */,
				3607CE402074CF5500157CF2 /* CollectionNormalCell.swift */,
				36339C4B207B47FE0090C717 /* CollectionNormalCell.xib */,
				36339C51207B489B0090C717 /* CollectionPrettyCell.swift */,
				36339C52207B489B0090C717 /* CollectionPrettyCell.xib */,
			);
			path = View;
			sourceTree = "<group>";
		};
		36FE10BA204E7DB3003DE408 = {
			isa = PBXGroup;
			children = (
				36FE10C5204E7DB3003DE408 /* DYZhiBoDemo */,
				36FE10DA204E7DB3003DE408 /* DYZhiBoDemoTests */,
				36FE10E5204E7DB3003DE408 /* DYZhiBoDemoUITests */,
				36FE10C4204E7DB3003DE408 /* Products */,
				299FEF52C5F460CBA0E8AAD0 /* Pods */,
				095B80133A70421761420E63 /* Frameworks */,
			);
			sourceTree = "<group>";
		};
		36FE10C4204E7DB3003DE408 /* Products */ = {
			isa = PBXGroup;
			children = (
				36FE10C3204E7DB3003DE408 /* DYZhiBoDemo.app */,
				36FE10D7204E7DB3003DE408 /* DYZhiBoDemoTests.xctest */,
				36FE10E2204E7DB3003DE408 /* DYZhiBoDemoUITests.xctest */,
			);
			name = Products;
			sourceTree = "<group>";
		};
		36FE10C5204E7DB3003DE408 /* DYZhiBoDemo */ = {
			isa = PBXGroup;
			children = (
				36FE10F4204E8DAE003DE408 /* Classes */,
				36FE10C6204E7DB3003DE408 /* AppDelegate.swift */,
				36FE10CD204E7DB3003DE408 /* Assets.xcassets */,
				36FE10CF204E7DB3003DE408 /* LaunchScreen.storyboard */,
				36FE10D2204E7DB3003DE408 /* Info.plist */,
			);
			path = DYZhiBoDemo;
			sourceTree = "<group>";
		};
		36FE10DA204E7DB3003DE408 /* DYZhiBoDemoTests */ = {
			isa = PBXGroup;
			children = (
				36FE10DB204E7DB3003DE408 /* DYZhiBoDemoTests.swift */,
				36FE10DD204E7DB3003DE408 /* Info.plist */,
			);
			path = DYZhiBoDemoTests;
			sourceTree = "<group>";
		};
		36FE10E5204E7DB3003DE408 /* DYZhiBoDemoUITests */ = {
			isa = PBXGroup;
			children = (
				36FE10E6204E7DB3003DE408 /* DYZhiBoDemoUITests.swift */,
				36FE10E8204E7DB4003DE408 /* Info.plist */,
			);
			path = DYZhiBoDemoUITests;
			sourceTree = "<group>";
		};
		36FE10F4204E8DAE003DE408 /* Classes */ = {
			isa = PBXGroup;
			children = (
				367D818E206236DC0039DD90 /* Extension */,
				36FE10F8204E8DAE003DE408 /* Main */,
				36FE10F6204E8DAE003DE408 /* Home */,
				36FE10F5204E8DAE003DE408 /* Follow */,
				36FE10F7204E8DAE003DE408 /* Live */,
				36FE10F9204E8DAE003DE408 /* Profile */,
				36FE10FA204E8DAE003DE408 /* Tool */,
			);
			path = Classes;
			sourceTree = "<group>";
		};
		36FE10F5204E8DAE003DE408 /* Follow */ = {
			isa = PBXGroup;
			children = (
				367D81BB20623D7C0039DD90 /* Controller */,
				367D81B620623C640039DD90 /* Model */,
				367D81B720623C640039DD90 /* View */,
				367D819420623ADC0039DD90 /* Follow.storyboard */,
			);
			path = Follow;
			sourceTree = "<group>";
		};
		36FE10F6204E8DAE003DE408 /* Home */ = {
			isa = PBXGroup;
			children = (
				36339C58207B62F30090C717 /* Model */,
				36339C57207B62F30090C717 /* ViewModel */,
				367D819B20623BF80039DD90 /* Controller */,
				367D819C20623BF80039DD90 /* View */,
			);
			path = Home;
			sourceTree = "<group>";
		};
		36FE10F7204E8DAE003DE408 /* Live */ = {
			isa = PBXGroup;
			children = (
				367D81BC20623DAD0039DD90 /* Controller */,
				367D81A420623C3E0039DD90 /* Model */,
				367D81A520623C3E0039DD90 /* View */,
				367D819220623AC80039DD90 /* Live.storyboard */,
			);
			path = Live;
			sourceTree = "<group>";
		};
		36FE10F8204E8DAE003DE408 /* Main */ = {
			isa = PBXGroup;
			children = (
				36FE10CA204E7DB3003DE408 /* Main.storyboard */,
				36339C50207B48290090C717 /* Controller */,
				36339C4F207B48290090C717 /* Model */,
				36BE3489207B47A500D28E9C /* View */,
			);
			path = Main;
			sourceTree = "<group>";
		};
		36FE10F9204E8DAE003DE408 /* Profile */ = {
			isa = PBXGroup;
			children = (
				367D81BD20623DC90039DD90 /* Controller */,
				367D81A720623C510039DD90 /* Model */,
				367D81A820623C510039DD90 /* View */,
				367D819720623AEC0039DD90 /* Mine.storyboard */,
			);
			path = Profile;
			sourceTree = "<group>";
		};
		36FE10FA204E8DAE003DE408 /* Tool */ = {
			isa = PBXGroup;
			children = (
				36B04D3B207215CC00881F3D /* Common.swift */,
				36339C55207B5B310090C717 /* NetworkTools.swift */,
			);
			path = Tool;
			sourceTree = "<group>";
		};
/* End PBXGroup section */

/* Begin PBXNativeTarget section */
		36FE10C2204E7DB3003DE408 /* DYZhiBoDemo */ = {
			isa = PBXNativeTarget;
			buildConfigurationList = 36FE10EB204E7DB4003DE408 /* Build configuration list for PBXNativeTarget "DYZhiBoDemo" */;
			buildPhases = (
				1435F1F3BBD1B69F6F16D174 /* [CP] Check Pods Manifest.lock */,
				36FE10BF204E7DB3003DE408 /* Sources */,
				36FE10C0204E7DB3003DE408 /* Frameworks */,
				36FE10C1204E7DB3003DE408 /* Resources */,
				641190E89189E2E9F3CAB3D1 /* [CP] Embed Pods Frameworks */,
			);
			buildRules = (
			);
			dependencies = (
			);
			name = DYZhiBoDemo;
			productName = DYZhiBoDemo;
			productReference = 36FE10C3204E7DB3003DE408 /* DYZhiBoDemo.app */;
			productType = "com.apple.product-type.application";
		};
		36FE10D6204E7DB3003DE408 /* DYZhiBoDemoTests */ = {
			isa = PBXNativeTarget;
			buildConfigurationList = 36FE10EE204E7DB4003DE408 /* Build configuration list for PBXNativeTarget "DYZhiBoDemoTests" */;
			buildPhases = (
				9FD64B59892249D3DB91545D /* [CP] Check Pods Manifest.lock */,
				36FE10D3204E7DB3003DE408 /* Sources */,
				36FE10D4204E7DB3003DE408 /* Frameworks */,
				36FE10D5204E7DB3003DE408 /* Resources */,
			);
			buildRules = (
			);
			dependencies = (
				36FE10D9204E7DB3003DE408 /* PBXTargetDependency */,
			);
			name = DYZhiBoDemoTests;
			productName = DYZhiBoDemoTests;
			productReference = 36FE10D7204E7DB3003DE408 /* DYZhiBoDemoTests.xctest */;
			productType = "com.apple.product-type.bundle.unit-test";
		};
		36FE10E1204E7DB3003DE408 /* DYZhiBoDemoUITests */ = {
			isa = PBXNativeTarget;
			buildConfigurationList = 36FE10F1204E7DB4003DE408 /* Build configuration list for PBXNativeTarget "DYZhiBoDemoUITests" */;
			buildPhases = (
				80B00E15E9DC50A0C9EDE6A9 /* [CP] Check Pods Manifest.lock */,
				36FE10DE204E7DB3003DE408 /* Sources */,
				36FE10DF204E7DB3003DE408 /* Frameworks */,
				36FE10E0204E7DB3003DE408 /* Resources */,
			);
			buildRules = (
			);
			dependencies = (
				36FE10E4204E7DB3003DE408 /* PBXTargetDependency */,
			);
			name = DYZhiBoDemoUITests;
			productName = DYZhiBoDemoUITests;
			productReference = 36FE10E2204E7DB3003DE408 /* DYZhiBoDemoUITests.xctest */;
			productType = "com.apple.product-type.bundle.ui-testing";
		};
/* End PBXNativeTarget section */

/* Begin PBXProject section */
		36FE10BB204E7DB3003DE408 /* Project object */ = {
			isa = PBXProject;
			attributes = {
				LastSwiftUpdateCheck = 0920;
				LastUpgradeCheck = 0920;
				ORGANIZATIONNAME = LIUSON;
				TargetAttributes = {
					36FE10C2204E7DB3003DE408 = {
						CreatedOnToolsVersion = 9.2;
						ProvisioningStyle = Automatic;
					};
					36FE10D6204E7DB3003DE408 = {
						CreatedOnToolsVersion = 9.2;
						ProvisioningStyle = Automatic;
						TestTargetID = 36FE10C2204E7DB3003DE408;
					};
					36FE10E1204E7DB3003DE408 = {
						CreatedOnToolsVersion = 9.2;
						ProvisioningStyle = Automatic;
						TestTargetID = 36FE10C2204E7DB3003DE408;
					};
				};
			};
			buildConfigurationList = 36FE10BE204E7DB3003DE408 /* Build configuration list for PBXProject "DYZhiBoDemo" */;
			compatibilityVersion = "Xcode 8.0";
			developmentRegion = en;
			hasScannedForEncodings = 0;
			knownRegions = (
				en,
				Base,
			);
			mainGroup = 36FE10BA204E7DB3003DE408;
			productRefGroup = 36FE10C4204E7DB3003DE408 /* Products */;
			projectDirPath = "";
			projectRoot = "";
			targets = (
				36FE10C2204E7DB3003DE408 /* DYZhiBoDemo */,
				36FE10D6204E7DB3003DE408 /* DYZhiBoDemoTests */,
				36FE10E1204E7DB3003DE408 /* DYZhiBoDemoUITests */,
			);
		};
/* End PBXProject section */

/* Begin PBXResourcesBuildPhase section */
		36FE10C1204E7DB3003DE408 /* Resources */ = {
			isa = PBXResourcesBuildPhase;
			buildActionMask = 2147483647;
			files = (
				36FE10D1204E7DB3003DE408 /* LaunchScreen.storyboard in Resources */,
				3607CE3F2074CC1100157CF2 /* CollectionHeaderView.xib in Resources */,
				36339C4D207B47FE0090C717 /* CollectionNormalCell.xib in Resources */,
				36FE10CE204E7DB3003DE408 /* Assets.xcassets in Resources */,
				36FE10CC204E7DB3003DE408 /* Main.storyboard in Resources */,
				367D819320623AC80039DD90 /* Live.storyboard in Resources */,
				367D819820623AEC0039DD90 /* Mine.storyboard in Resources */,
				36339C54207B489B0090C717 /* CollectionPrettyCell.xib in Resources */,
				367D819120623AB00039DD90 /* Home.storyboard in Resources */,
				367D819620623ADC0039DD90 /* Follow.storyboard in Resources */,
			);
			runOnlyForDeploymentPostprocessing = 0;
		};
		36FE10D5204E7DB3003DE408 /* Resources */ = {
			isa = PBXResourcesBuildPhase;
			buildActionMask = 2147483647;
			files = (
			);
			runOnlyForDeploymentPostprocessing = 0;
		};
		36FE10E0204E7DB3003DE408 /* Resources */ = {
			isa = PBXResourcesBuildPhase;
			buildActionMask = 2147483647;
			files = (
			);
			runOnlyForDeploymentPostprocessing = 0;
		};
/* End PBXResourcesBuildPhase section */

/* Begin PBXShellScriptBuildPhase section */
		1435F1F3BBD1B69F6F16D174 /* [CP] Check Pods Manifest.lock */ = {
			isa = PBXShellScriptBuildPhase;
			buildActionMask = 2147483647;
			files = (
			);
			inputPaths = (
				"${PODS_PODFILE_DIR_PATH}/Podfile.lock",
				"${PODS_ROOT}/Manifest.lock",
			);
			name = "[CP] Check Pods Manifest.lock";
			outputPaths = (
				"$(DERIVED_FILE_DIR)/Pods-DYZhiBoDemo-checkManifestLockResult.txt",
			);
			runOnlyForDeploymentPostprocessing = 0;
			shellPath = /bin/sh;
			shellScript = "diff \"${PODS_PODFILE_DIR_PATH}/Podfile.lock\" \"${PODS_ROOT}/Manifest.lock\" > /dev/null\nif [ $? != 0 ] ; then\n    # print error to STDERR\n    echo \"error: The sandbox is not in sync with the Podfile.lock. Run 'pod install' or update your CocoaPods installation.\" >&2\n    exit 1\nfi\n# This output is used by Xcode 'outputs' to avoid re-running this script phase.\necho \"SUCCESS\" > \"${SCRIPT_OUTPUT_FILE_0}\"\n";
			showEnvVarsInLog = 0;
		};
		641190E89189E2E9F3CAB3D1 /* [CP] Embed Pods Frameworks */ = {
			isa = PBXShellScriptBuildPhase;
			buildActionMask = 2147483647;
			files = (
			);
			inputPaths = (
				"${SRCROOT}/Pods/Target Support Files/Pods-DYZhiBoDemo/Pods-DYZhiBoDemo-frameworks.sh",
				"${BUILT_PRODUCTS_DIR}/Alamofire/Alamofire.framework",
			);
			name = "[CP] Embed Pods Frameworks";
			outputPaths = (
				"${TARGET_BUILD_DIR}/${FRAMEWORKS_FOLDER_PATH}/Alamofire.framework",
			);
			runOnlyForDeploymentPostprocessing = 0;
			shellPath = /bin/sh;
			shellScript = "\"${SRCROOT}/Pods/Target Support Files/Pods-DYZhiBoDemo/Pods-DYZhiBoDemo-frameworks.sh\"\n";
			showEnvVarsInLog = 0;
		};
		80B00E15E9DC50A0C9EDE6A9 /* [CP] Check Pods Manifest.lock */ = {
			isa = PBXShellScriptBuildPhase;
			buildActionMask = 2147483647;
			files = (
			);
			inputPaths = (
				"${PODS_PODFILE_DIR_PATH}/Podfile.lock",
				"${PODS_ROOT}/Manifest.lock",
			);
			name = "[CP] Check Pods Manifest.lock";
			outputPaths = (
				"$(DERIVED_FILE_DIR)/Pods-DYZhiBoDemoUITests-checkManifestLockResult.txt",
			);
			runOnlyForDeploymentPostprocessing = 0;
			shellPath = /bin/sh;
			shellScript = "diff \"${PODS_PODFILE_DIR_PATH}/Podfile.lock\" \"${PODS_ROOT}/Manifest.lock\" > /dev/null\nif [ $? != 0 ] ; then\n    # print error to STDERR\n    echo \"error: The sandbox is not in sync with the Podfile.lock. Run 'pod install' or update your CocoaPods installation.\" >&2\n    exit 1\nfi\n# This output is used by Xcode 'outputs' to avoid re-running this script phase.\necho \"SUCCESS\" > \"${SCRIPT_OUTPUT_FILE_0}\"\n";
			showEnvVarsInLog = 0;
		};
		9FD64B59892249D3DB91545D /* [CP] Check Pods Manifest.lock */ = {
			isa = PBXShellScriptBuildPhase;
			buildActionMask = 2147483647;
			files = (
			);
			inputPaths = (
				"${PODS_PODFILE_DIR_PATH}/Podfile.lock",
				"${PODS_ROOT}/Manifest.lock",
			);
			name = "[CP] Check Pods Manifest.lock";
			outputPaths = (
				"$(DERIVED_FILE_DIR)/Pods-DYZhiBoDemoTests-checkManifestLockResult.txt",
			);
			runOnlyForDeploymentPostprocessing = 0;
			shellPath = /bin/sh;
			shellScript = "diff \"${PODS_PODFILE_DIR_PATH}/Podfile.lock\" \"${PODS_ROOT}/Manifest.lock\" > /dev/null\nif [ $? != 0 ] ; then\n    # print error to STDERR\n    echo \"error: The sandbox is not in sync with the Podfile.lock. Run 'pod install' or update your CocoaPods installation.\" >&2\n    exit 1\nfi\n# This output is used by Xcode 'outputs' to avoid re-running this script phase.\necho \"SUCCESS\" > \"${SCRIPT_OUTPUT_FILE_0}\"\n";
			showEnvVarsInLog = 0;
		};
/* End PBXShellScriptBuildPhase section */

/* Begin PBXSourcesBuildPhase section */
		36FE10BF204E7DB3003DE408 /* Sources */ = {
			isa = PBXSourcesBuildPhase;
			buildActionMask = 2147483647;
			files = (
				36339C56207B5B310090C717 /* NetworkTools.swift in Sources */,
				3607CE3E2074CC1100157CF2 /* CollectionHeaderView.swift in Sources */,
				367D81BF206241C10039DD90 /* UIBarButtonItem+Extension.swift in Sources */,
				36339C4E207B47FE0090C717 /* PageTitleView.swift in Sources */,
				367D81C1206248C10039DD90 /* MineVController.swift in Sources */,
				36B04D402072282C00881F3D /* UIColor+Extension.swift in Sources */,
				3607CE3B2074BF8C00157CF2 /* RecommentController.swift in Sources */,
				36339C5A207B630D0090C717 /* ReCommentViewModel.swift in Sources */,
				36B04D3E2072259B00881F3D /* PageContentView.swift in Sources */,
				36FE10C7204E7DB3003DE408 /* AppDelegate.swift in Sources */,
				367D819A20623B4B0039DD90 /* MainTabBarVC.swift in Sources */,
				367D81BA20623C910039DD90 /* HomeViewController.swift in Sources */,
				36339C53207B489B0090C717 /* CollectionPrettyCell.swift in Sources */,
				3607CE422074CF5500157CF2 /* CollectionNormalCell.swift in Sources */,
				36B04D3C207215CC00881F3D /* Common.swift in Sources */,
			);
			runOnlyForDeploymentPostprocessing = 0;
		};
		36FE10D3204E7DB3003DE408 /* Sources */ = {
			isa = PBXSourcesBuildPhase;
			buildActionMask = 2147483647;
			files = (
				36FE10DC204E7DB3003DE408 /* DYZhiBoDemoTests.swift in Sources */,
			);
			runOnlyForDeploymentPostprocessing = 0;
		};
		36FE10DE204E7DB3003DE408 /* Sources */ = {
			isa = PBXSourcesBuildPhase;
			buildActionMask = 2147483647;
			files = (
				36FE10E7204E7DB3003DE408 /* DYZhiBoDemoUITests.swift in Sources */,
			);
			runOnlyForDeploymentPostprocessing = 0;
		};
/* End PBXSourcesBuildPhase section */

/* Begin PBXTargetDependency section */
		36FE10D9204E7DB3003DE408 /* PBXTargetDependency */ = {
			isa = PBXTargetDependency;
			target = 36FE10C2204E7DB3003DE408 /* DYZhiBoDemo */;
			targetProxy = 36FE10D8204E7DB3003DE408 /* PBXContainerItemProxy */;
		};
		36FE10E4204E7DB3003DE408 /* PBXTargetDependency */ = {
			isa = PBXTargetDependency;
			target = 36FE10C2204E7DB3003DE408 /* DYZhiBoDemo */;
			targetProxy = 36FE10E3204E7DB3003DE408 /* PBXContainerItemProxy */;
		};
/* End PBXTargetDependency section */

/* Begin PBXVariantGroup section */
		367D818F20623AB00039DD90 /* Home.storyboard */ = {
			isa = PBXVariantGroup;
			children = (
				367D819020623AB00039DD90 /* Base */,
			);
			name = Home.storyboard;
			sourceTree = "<group>";
		};
		367D819420623ADC0039DD90 /* Follow.storyboard */ = {
			isa = PBXVariantGroup;
			children = (
				367D819520623ADC0039DD90 /* Base */,
			);
			name = Follow.storyboard;
			sourceTree = "<group>";
		};
		36FE10CA204E7DB3003DE408 /* Main.storyboard */ = {
			isa = PBXVariantGroup;
			children = (
				36FE10CB204E7DB3003DE408 /* Base */,
			);
			name = Main.storyboard;
			sourceTree = "<group>";
		};
		36FE10CF204E7DB3003DE408 /* LaunchScreen.storyboard */ = {
			isa = PBXVariantGroup;
			children = (
				36FE10D0204E7DB3003DE408 /* Base */,
			);
			name = LaunchScreen.storyboard;
			sourceTree = "<group>";
		};
/* End PBXVariantGroup section */

/* Begin XCBuildConfiguration section */
		36FE10E9204E7DB4003DE408 /* Debug */ = {
			isa = XCBuildConfiguration;
			buildSettings = {
				ALWAYS_SEARCH_USER_PATHS = NO;
				CLANG_ANALYZER_NONNULL = YES;
				CLANG_ANALYZER_NUMBER_OBJECT_CONVERSION = YES_AGGRESSIVE;
				CLANG_CXX_LANGUAGE_STANDARD = "gnu++14";
				CLANG_CXX_LIBRARY = "libc++";
				CLANG_ENABLE_MODULES = YES;
				CLANG_ENABLE_OBJC_ARC = YES;
				CLANG_WARN_BLOCK_CAPTURE_AUTORELEASING = YES;
				CLANG_WARN_BOOL_CONVERSION = YES;
				CLANG_WARN_COMMA = YES;
				CLANG_WARN_CONSTANT_CONVERSION = YES;
				CLANG_WARN_DIRECT_OBJC_ISA_USAGE = YES_ERROR;
				CLANG_WARN_DOCUMENTATION_COMMENTS = YES;
				CLANG_WARN_EMPTY_BODY = YES;
				CLANG_WARN_ENUM_CONVERSION = YES;
				CLANG_WARN_INFINITE_RECURSION = YES;
				CLANG_WARN_INT_CONVERSION = YES;
				CLANG_WARN_NON_LITERAL_NULL_CONVERSION = YES;
				CLANG_WARN_OBJC_LITERAL_CONVERSION = YES;
				CLANG_WARN_OBJC_ROOT_CLASS = YES_ERROR;
				CLANG_WARN_RANGE_LOOP_ANALYSIS = YES;
				CLANG_WARN_STRICT_PROTOTYPES = YES;
				CLANG_WARN_SUSPICIOUS_MOVE = YES;
				CLANG_WARN_UNGUARDED_AVAILABILITY = YES_AGGRESSIVE;
				CLANG_WARN_UNREACHABLE_CODE = YES;
				CLANG_WARN__DUPLICATE_METHOD_MATCH = YES;
				CODE_SIGN_IDENTITY = "iPhone Developer";
				COPY_PHASE_STRIP = NO;
				DEBUG_INFORMATION_FORMAT = dwarf;
				ENABLE_STRICT_OBJC_MSGSEND = YES;
				ENABLE_TESTABILITY = YES;
				GCC_C_LANGUAGE_STANDARD = gnu11;
				GCC_DYNAMIC_NO_PIC = NO;
				GCC_NO_COMMON_BLOCKS = YES;
				GCC_OPTIMIZATION_LEVEL = 0;
				GCC_PREPROCESSOR_DEFINITIONS = (
					"DEBUG=1",
					"$(inherited)",
				);
				GCC_WARN_64_TO_32_BIT_CONVERSION = YES;
				GCC_WARN_ABOUT_RETURN_TYPE = YES_ERROR;
				GCC_WARN_UNDECLARED_SELECTOR = YES;
				GCC_WARN_UNINITIALIZED_AUTOS = YES_AGGRESSIVE;
				GCC_WARN_UNUSED_FUNCTION = YES;
				GCC_WARN_UNUSED_VARIABLE = YES;
				IPHONEOS_DEPLOYMENT_TARGET = 11.2;
				MTL_ENABLE_DEBUG_INFO = YES;
				ONLY_ACTIVE_ARCH = YES;
				SDKROOT = iphoneos;
				SWIFT_ACTIVE_COMPILATION_CONDITIONS = DEBUG;
				SWIFT_OPTIMIZATION_LEVEL = "-Onone";
			};
			name = Debug;
		};
		36FE10EA204E7DB4003DE408 /* Release */ = {
			isa = XCBuildConfiguration;
			buildSettings = {
				ALWAYS_SEARCH_USER_PATHS = NO;
				CLANG_ANALYZER_NONNULL = YES;
				CLANG_ANALYZER_NUMBER_OBJECT_CONVERSION = YES_AGGRESSIVE;
				CLANG_CXX_LANGUAGE_STANDARD = "gnu++14";
				CLANG_CXX_LIBRARY = "libc++";
				CLANG_ENABLE_MODULES = YES;
				CLANG_ENABLE_OBJC_ARC = YES;
				CLANG_WARN_BLOCK_CAPTURE_AUTORELEASING = YES;
				CLANG_WARN_BOOL_CONVERSION = YES;
				CLANG_WARN_COMMA = YES;
				CLANG_WARN_CONSTANT_CONVERSION = YES;
				CLANG_WARN_DIRECT_OBJC_ISA_USAGE = YES_ERROR;
				CLANG_WARN_DOCUMENTATION_COMMENTS = YES;
				CLANG_WARN_EMPTY_BODY = YES;
				CLANG_WARN_ENUM_CONVERSION = YES;
				CLANG_WARN_INFINITE_RECURSION = YES;
				CLANG_WARN_INT_CONVERSION = YES;
				CLANG_WARN_NON_LITERAL_NULL_CONVERSION = YES;
				CLANG_WARN_OBJC_LITERAL_CONVERSION = YES;
				CLANG_WARN_OBJC_ROOT_CLASS = YES_ERROR;
				CLANG_WARN_RANGE_LOOP_ANALYSIS = YES;
				CLANG_WARN_STRICT_PROTOTYPES = YES;
				CLANG_WARN_SUSPICIOUS_MOVE = YES;
				CLANG_WARN_UNGUARDED_AVAILABILITY = YES_AGGRESSIVE;
				CLANG_WARN_UNREACHABLE_CODE = YES;
				CLANG_WARN__DUPLICATE_METHOD_MATCH = YES;
				CODE_SIGN_IDENTITY = "iPhone Developer";
				COPY_PHASE_STRIP = NO;
				DEBUG_INFORMATION_FORMAT = "dwarf-with-dsym";
				ENABLE_NS_ASSERTIONS = NO;
				ENABLE_STRICT_OBJC_MSGSEND = YES;
				GCC_C_LANGUAGE_STANDARD = gnu11;
				GCC_NO_COMMON_BLOCKS = YES;
				GCC_WARN_64_TO_32_BIT_CONVERSION = YES;
				GCC_WARN_ABOUT_RETURN_TYPE = YES_ERROR;
				GCC_WARN_UNDECLARED_SELECTOR = YES;
				GCC_WARN_UNINITIALIZED_AUTOS = YES_AGGRESSIVE;
				GCC_WARN_UNUSED_FUNCTION = YES;
				GCC_WARN_UNUSED_VARIABLE = YES;
				IPHONEOS_DEPLOYMENT_TARGET = 11.2;
				MTL_ENABLE_DEBUG_INFO = NO;
				SDKROOT = iphoneos;
				SWIFT_OPTIMIZATION_LEVEL = "-Owholemodule";
				VALIDATE_PRODUCT = YES;
			};
			name = Release;
		};
		36FE10EC204E7DB4003DE408 /* Debug */ = {
			isa = XCBuildConfiguration;
			baseConfigurationReference = 4D445F894A3F7F7E55559537 /* Pods-DYZhiBoDemo.debug.xcconfig */;
			buildSettings = {
				ASSETCATALOG_COMPILER_APPICON_NAME = AppIcon;
				ASSETCATALOG_COMPILER_LAUNCHIMAGE_NAME = LaunchImage;
				CODE_SIGN_STYLE = Automatic;
				DEVELOPMENT_TEAM = SYM7S6ENQ2;
				INFOPLIST_FILE = DYZhiBoDemo/Info.plist;
				IPHONEOS_DEPLOYMENT_TARGET = 8.0;
				LD_RUNPATH_SEARCH_PATHS = "$(inherited) @executable_path/Frameworks";
				PRODUCT_BUNDLE_IDENTIFIER = com.LIUSON.DYZhiBoDemo;
				PRODUCT_NAME = "$(TARGET_NAME)";
				SWIFT_VERSION = 4.0;
				TARGETED_DEVICE_FAMILY = "1,2";
			};
			name = Debug;
		};
		36FE10ED204E7DB4003DE408 /* Release */ = {
			isa = XCBuildConfiguration;
			baseConfigurationReference = 0E8CA29EB9A1F0133477C9E9 /* Pods-DYZhiBoDemo.release.xcconfig */;
			buildSettings = {
				ASSETCATALOG_COMPILER_APPICON_NAME = AppIcon;
				ASSETCATALOG_COMPILER_LAUNCHIMAGE_NAME = LaunchImage;
				CODE_SIGN_STYLE = Automatic;
				DEVELOPMENT_TEAM = SYM7S6ENQ2;
				INFOPLIST_FILE = DYZhiBoDemo/Info.plist;
				IPHONEOS_DEPLOYMENT_TARGET = 8.0;
				LD_RUNPATH_SEARCH_PATHS = "$(inherited) @executable_path/Frameworks";
				PRODUCT_BUNDLE_IDENTIFIER = com.LIUSON.DYZhiBoDemo;
				PRODUCT_NAME = "$(TARGET_NAME)";
				SWIFT_VERSION = 4.0;
				TARGETED_DEVICE_FAMILY = "1,2";
			};
			name = Release;
		};
		36FE10EF204E7DB4003DE408 /* Debug */ = {
			isa = XCBuildConfiguration;
			baseConfigurationReference = 82F52453952FE86969B83A88 /* Pods-DYZhiBoDemoTests.debug.xcconfig */;
			buildSettings = {
				ALWAYS_EMBED_SWIFT_STANDARD_LIBRARIES = YES;
				BUNDLE_LOADER = "$(TEST_HOST)";
				CODE_SIGN_STYLE = Automatic;
				DEVELOPMENT_TEAM = SYM7S6ENQ2;
				INFOPLIST_FILE = DYZhiBoDemoTests/Info.plist;
				LD_RUNPATH_SEARCH_PATHS = "$(inherited) @executable_path/Frameworks @loader_path/Frameworks";
				PRODUCT_BUNDLE_IDENTIFIER = com.LIUSON.DYZhiBoDemoTests;
				PRODUCT_NAME = "$(TARGET_NAME)";
				SWIFT_VERSION = 4.0;
				TARGETED_DEVICE_FAMILY = "1,2";
				TEST_HOST = "$(BUILT_PRODUCTS_DIR)/DYZhiBoDemo.app/DYZhiBoDemo";
			};
			name = Debug;
		};
		36FE10F0204E7DB4003DE408 /* Release */ = {
			isa = XCBuildConfiguration;
			baseConfigurationReference = 7AA6920EDEC0C96CD0B24746 /* Pods-DYZhiBoDemoTests.release.xcconfig */;
			buildSettings = {
				ALWAYS_EMBED_SWIFT_STANDARD_LIBRARIES = YES;
				BUNDLE_LOADER = "$(TEST_HOST)";
				CODE_SIGN_STYLE = Automatic;
				DEVELOPMENT_TEAM = SYM7S6ENQ2;
				INFOPLIST_FILE = DYZhiBoDemoTests/Info.plist;
				LD_RUNPATH_SEARCH_PATHS = "$(inherited) @executable_path/Frameworks @loader_path/Frameworks";
				PRODUCT_BUNDLE_IDENTIFIER = com.LIUSON.DYZhiBoDemoTests;
				PRODUCT_NAME = "$(TARGET_NAME)";
				SWIFT_VERSION = 4.0;
				TARGETED_DEVICE_FAMILY = "1,2";
				TEST_HOST = "$(BUILT_PRODUCTS_DIR)/DYZhiBoDemo.app/DYZhiBoDemo";
			};
			name = Release;
		};
		36FE10F2204E7DB4003DE408 /* Debug */ = {
			isa = XCBuildConfiguration;
			baseConfigurationReference = 8AF9D60CCDD67D4D2F3E62F2 /* Pods-DYZhiBoDemoUITests.debug.xcconfig */;
			buildSettings = {
				ALWAYS_EMBED_SWIFT_STANDARD_LIBRARIES = YES;
				CODE_SIGN_STYLE = Automatic;
				DEVELOPMENT_TEAM = SYM7S6ENQ2;
				INFOPLIST_FILE = DYZhiBoDemoUITests/Info.plist;
				LD_RUNPATH_SEARCH_PATHS = "$(inherited) @executable_path/Frameworks @loader_path/Frameworks";
				PRODUCT_BUNDLE_IDENTIFIER = com.LIUSON.DYZhiBoDemoUITests;
				PRODUCT_NAME = "$(TARGET_NAME)";
				SWIFT_VERSION = 4.0;
				TARGETED_DEVICE_FAMILY = "1,2";
				TEST_TARGET_NAME = DYZhiBoDemo;
			};
			name = Debug;
		};
		36FE10F3204E7DB4003DE408 /* Release */ = {
			isa = XCBuildConfiguration;
			baseConfigurationReference = 6F806438AE41EC576E057590 /* Pods-DYZhiBoDemoUITests.release.xcconfig */;
			buildSettings = {
				ALWAYS_EMBED_SWIFT_STANDARD_LIBRARIES = YES;
				CODE_SIGN_STYLE = Automatic;
				DEVELOPMENT_TEAM = SYM7S6ENQ2;
				INFOPLIST_FILE = DYZhiBoDemoUITests/Info.plist;
				LD_RUNPATH_SEARCH_PATHS = "$(inherited) @executable_path/Frameworks @loader_path/Frameworks";
				PRODUCT_BUNDLE_IDENTIFIER = com.LIUSON.DYZhiBoDemoUITests;
				PRODUCT_NAME = "$(TARGET_NAME)";
				SWIFT_VERSION = 4.0;
				TARGETED_DEVICE_FAMILY = "1,2";
				TEST_TARGET_NAME = DYZhiBoDemo;
			};
			name = Release;
		};
/* End XCBuildConfiguration section */

/* Begin XCConfigurationList section */
		36FE10BE204E7DB3003DE408 /* Build configuration list for PBXProject "DYZhiBoDemo" */ = {
			isa = XCConfigurationList;
			buildConfigurations = (
				36FE10E9204E7DB4003DE408 /* Debug */,
				36FE10EA204E7DB4003DE408 /* Release */,
			);
			defaultConfigurationIsVisible = 0;
			defaultConfigurationName = Release;
		};
		36FE10EB204E7DB4003DE408 /* Build configuration list for PBXNativeTarget "DYZhiBoDemo" */ = {
			isa = XCConfigurationList;
			buildConfigurations = (
				36FE10EC204E7DB4003DE408 /* Debug */,
				36FE10ED204E7DB4003DE408 /* Release */,
			);
			defaultConfigurationIsVisible = 0;
			defaultConfigurationName = Release;
		};
		36FE10EE204E7DB4003DE408 /* Build configuration list for PBXNativeTarget "DYZhiBoDemoTests" */ = {
			isa = XCConfigurationList;
			buildConfigurations = (
				36FE10EF204E7DB4003DE408 /* Debug */,
				36FE10F0204E7DB4003DE408 /* Release */,
			);
			defaultConfigurationIsVisible = 0;
			defaultConfigurationName = Release;
		};
		36FE10F1204E7DB4003DE408 /* Build configuration list for PBXNativeTarget "DYZhiBoDemoUITests" */ = {
			isa = XCConfigurationList;
			buildConfigurations = (
				36FE10F2204E7DB4003DE408 /* Debug */,
				36FE10F3204E7DB4003DE408 /* Release */,
			);
			defaultConfigurationIsVisible = 0;
			defaultConfigurationName = Release;
		};
/* End XCConfigurationList section */
	};
	rootObject = 36FE10BB204E7DB3003DE408 /* Project object */;
}
